
Microsoft Visual Studio Solution File, Format Version 12.00
# Visual Studio 14
VisualStudioVersion = 14.0.25420.1
MinimumVisualStudioVersion = 10.0.40219.1
Project("{FAE04EC0-301F-11D3-BF4B-00C04F79EFBC}") = "01.PracticeIntegerNumbers", "01.PracticeIntegerNumbers\01.PracticeIntegerNumbers.csproj", "{9AD5E067-BD4E-44D6-8699-C9D09735C7A1}"
EndProject
Project("{FAE04EC0-301F-11D3-BF4B-00C04F79EFBC}") = "02.PracticeFloatingPointNumbers", "02.PracticeFloatingPointNumbers\02.PracticeFloatingPointNumbers.csproj", "{01E1AC19-4800-4122-9A9D-DE3FB57440FA}"
EndProject
Project("{FAE04EC0-301F-11D3-BF4B-00C04F79EFBC}") = "03.PracticeCharactersandStrings", "03.PracticeCharactersandStrings\03.PracticeCharactersandStrings.csproj", "{0568F5E1-63CF-4DBE-89BF-4F0B84BE40F3}"
EndProject
Project("{FAE04EC0-301F-11D3-BF4B-00C04F79EFBC}") = "04.VariableinHexadecimalFormat", "04.VariableinHexadecimalFormat\04.VariableinHexadecimalFormat.csproj", "{1EAE3F5D-BAE7-4786-AEC3-554E1746D833}"
EndProject
Global
	GlobalSection(SolutionConfigurationPlatforms) = preSolution
		Debug|Any CPU = Debug|Any CPU
		Release|Any CPU = Release|Any CPU
	EndGlobalSection
	GlobalSection(ProjectConfigurationPlatforms) = postSolution
		{9AD5E067-BD4E-44D6-8699-C9D09735C7A1}.Debug|Any CPU.ActiveCfg = Debug|Any CPU
		{9AD5E067-BD4E-44D6-8699-C9D09735C7A1}.Debug|Any CPU.Build.0 = Debug|Any CPU
		{9AD5E067-BD4E-44D6-8699-C9D09735C7A1}.Release|Any CPU.ActiveCfg = Release|Any CPU
		{9AD5E067-BD4E-44D6-8699-C9D09735C7A1}.Release|Any CPU.Build.0 = Release|Any CPU
		{01E1AC19-4800-4122-9A9D-DE3FB57440FA}.Debug|Any CPU.ActiveCfg = Debug|Any CPU
		{01E1AC19-4800-4122-9A9D-DE3FB57440FA}.Debug|Any CPU.Build.0 = Debug|Any CPU
		{01E1AC19-4800-4122-9A9D-DE3FB57440FA}.Release|Any CPU.ActiveCfg = Release|Any CPU
		{01E1AC19-4800-4122-9A9D-DE3FB57440FA}.Release|Any CPU.Build.0 = Release|Any CPU
		{0568F5E1-63CF-4DBE-89BF-4F0B84BE40F3}.Debug|Any CPU.ActiveCfg = Debug|Any CPU
		{0568F5E1-63CF-4DBE-89BF-4F0B84BE40F3}.Debug|Any CPU.Build.0 = Debug|Any CPU
		{0568F5E1-63CF-4DBE-89BF-4F0B84BE40F3}.Release|Any CPU.ActiveCfg = Release|Any CPU
		{0568F5E1-63CF-4DBE-89BF-4F0B84BE40F3}.Release|Any CPU.Build.0 = Release|Any CPU
		{1EAE3F5D-BAE7-4786-AEC3-554E1746D833}.Debug|Any CPU.ActiveCfg = Debug|Any CPU
		{1EAE3F5D-BAE7-4786-AEC3-554E1746D833}.Debug|Any CPU.Build.0 = Debug|Any CPU
		{1EAE3F5D-BAE7-4786-AEC3-554E1746D833}.Release|Any CPU.ActiveCfg = Release|Any CPU
		{1EAE3F5D-BAE7-4786-AEC3-554E1746D833}.Release|Any CPU.Build.0 = Release|Any CPU
	EndGlobalSection
	GlobalSection(SolutionProperties) = preSolution
		HideSolutionNode = FALSE
	EndGlobalSection
EndGlobal
