
Microsoft Visual Studio Solution File, Format Version 12.00
# Visual Studio 14
VisualStudioVersion = 14.0.25420.1
MinimumVisualStudioVersion = 10.0.40219.1
Project("{FAE04EC0-301F-11D3-BF4B-00C04F79EFBC}") = "01.ReverseString", "01.ReverseString\01.ReverseString.csproj", "{1C06155A-41B9-4898-8426-B478D7C64F5F}"
EndProject
Project("{FAE04EC0-301F-11D3-BF4B-00C04F79EFBC}") = "02.CountSubstringOccurrences", "02.CountSubstringOccurrences\02.CountSubstringOccurrences.csproj", "{EB0BF553-D81C-416E-99DF-5A16C3999FFC}"
EndProject
Project("{FAE04EC0-301F-11D3-BF4B-00C04F79EFBC}") = "03.TextFilter", "03.TextFilter\03.TextFilter.csproj", "{C4C0EB84-D922-443E-A762-56360BDA582E}"
EndProject
Project("{FAE04EC0-301F-11D3-BF4B-00C04F79EFBC}") = "04.Palindromes", "04.Palindromes\04.Palindromes.csproj", "{C1C3CB8A-2980-46DE-BD89-5891B3D9F52D}"
EndProject
Global
	GlobalSection(SolutionConfigurationPlatforms) = preSolution
		Debug|Any CPU = Debug|Any CPU
		Release|Any CPU = Release|Any CPU
	EndGlobalSection
	GlobalSection(ProjectConfigurationPlatforms) = postSolution
		{1C06155A-41B9-4898-8426-B478D7C64F5F}.Debug|Any CPU.ActiveCfg = Debug|Any CPU
		{1C06155A-41B9-4898-8426-B478D7C64F5F}.Debug|Any CPU.Build.0 = Debug|Any CPU
		{1C06155A-41B9-4898-8426-B478D7C64F5F}.Release|Any CPU.ActiveCfg = Release|Any CPU
		{1C06155A-41B9-4898-8426-B478D7C64F5F}.Release|Any CPU.Build.0 = Release|Any CPU
		{EB0BF553-D81C-416E-99DF-5A16C3999FFC}.Debug|Any CPU.ActiveCfg = Debug|Any CPU
		{EB0BF553-D81C-416E-99DF-5A16C3999FFC}.Debug|Any CPU.Build.0 = Debug|Any CPU
		{EB0BF553-D81C-416E-99DF-5A16C3999FFC}.Release|Any CPU.ActiveCfg = Release|Any CPU
		{EB0BF553-D81C-416E-99DF-5A16C3999FFC}.Release|Any CPU.Build.0 = Release|Any CPU
		{C4C0EB84-D922-443E-A762-56360BDA582E}.Debug|Any CPU.ActiveCfg = Debug|Any CPU
		{C4C0EB84-D922-443E-A762-56360BDA582E}.Debug|Any CPU.Build.0 = Debug|Any CPU
		{C4C0EB84-D922-443E-A762-56360BDA582E}.Release|Any CPU.ActiveCfg = Release|Any CPU
		{C4C0EB84-D922-443E-A762-56360BDA582E}.Release|Any CPU.Build.0 = Release|Any CPU
		{C1C3CB8A-2980-46DE-BD89-5891B3D9F52D}.Debug|Any CPU.ActiveCfg = Debug|Any CPU
		{C1C3CB8A-2980-46DE-BD89-5891B3D9F52D}.Debug|Any CPU.Build.0 = Debug|Any CPU
		{C1C3CB8A-2980-46DE-BD89-5891B3D9F52D}.Release|Any CPU.ActiveCfg = Release|Any CPU
		{C1C3CB8A-2980-46DE-BD89-5891B3D9F52D}.Release|Any CPU.Build.0 = Release|Any CPU
	EndGlobalSection
	GlobalSection(SolutionProperties) = preSolution
		HideSolutionNode = FALSE
	EndGlobalSection
EndGlobal
