
Microsoft Visual Studio Solution File, Format Version 12.00
# Visual Studio 14
VisualStudioVersion = 14.0.25420.1
MinimumVisualStudioVersion = 10.0.40219.1
Project("{FAE04EC0-301F-11D3-BF4B-00C04F79EFBC}") = "01.LargestCommonEnd", "01.LargestCommonEnd\01.LargestCommonEnd.csproj", "{ABB793B2-5F71-45CA-962F-8B4622B0B4E3}"
EndProject
Project("{FAE04EC0-301F-11D3-BF4B-00C04F79EFBC}") = "02.RotateAndSum", "02.RotateAndSum\02.RotateAndSum.csproj", "{C4035233-A25B-478A-82FA-E4DFE000A707}"
EndProject
Project("{FAE04EC0-301F-11D3-BF4B-00C04F79EFBC}") = "03.FoldAndSum", "03.FoldAndSum\03.FoldAndSum.csproj", "{4CE435D4-5ACC-4284-B747-C89A02092D81}"
EndProject
Project("{FAE04EC0-301F-11D3-BF4B-00C04F79EFBC}") = "05.CompareCharArrays", "05.CompareCharArrays\05.CompareCharArrays.csproj", "{4F01A1A2-9CD3-47C5-90DB-1D1E2BDDDDCE}"
EndProject
Project("{FAE04EC0-301F-11D3-BF4B-00C04F79EFBC}") = "06.MaxSequenceOfEqualElements", "06.MaxSequenceOfEqualElements\06.MaxSequenceOfEqualElements.csproj", "{21060612-75E8-49B2-9689-6326465F5DBF}"
EndProject
Project("{FAE04EC0-301F-11D3-BF4B-00C04F79EFBC}") = "07.MaxSequenceOfIncreasingElements", "07.MaxSequenceOfIncreasingElements\07.MaxSequenceOfIncreasingElements.csproj", "{E1517177-0010-4E95-A165-F6EED7039D6D}"
EndProject
Project("{FAE04EC0-301F-11D3-BF4B-00C04F79EFBC}") = "08.MostFrequentNumber", "08.MostFrequentNumber\08.MostFrequentNumber.csproj", "{E34A55A3-5607-40CE-9AFF-B39274CAFD65}"
EndProject
Project("{FAE04EC0-301F-11D3-BF4B-00C04F79EFBC}") = "09.IndexOfLetters", "09.IndexOfLetters\09.IndexOfLetters.csproj", "{B9B3F7C7-1C10-48E7-B504-54CE9A53D979}"
EndProject
Project("{FAE04EC0-301F-11D3-BF4B-00C04F79EFBC}") = "10.PairsByDifference", "10.PairsByDifference\10.PairsByDifference.csproj", "{1B76D4F6-5A43-48AC-8C86-D70B66FAF3B3}"
EndProject
Project("{FAE04EC0-301F-11D3-BF4B-00C04F79EFBC}") = "11.EqualSums", "11.EqualSums\11.EqualSums.csproj", "{E86144F5-296C-4C9E-A580-CBA13E8C8808}"
EndProject
Global
	GlobalSection(SolutionConfigurationPlatforms) = preSolution
		Debug|Any CPU = Debug|Any CPU
		Release|Any CPU = Release|Any CPU
	EndGlobalSection
	GlobalSection(ProjectConfigurationPlatforms) = postSolution
		{ABB793B2-5F71-45CA-962F-8B4622B0B4E3}.Debug|Any CPU.ActiveCfg = Debug|Any CPU
		{ABB793B2-5F71-45CA-962F-8B4622B0B4E3}.Debug|Any CPU.Build.0 = Debug|Any CPU
		{ABB793B2-5F71-45CA-962F-8B4622B0B4E3}.Release|Any CPU.ActiveCfg = Release|Any CPU
		{ABB793B2-5F71-45CA-962F-8B4622B0B4E3}.Release|Any CPU.Build.0 = Release|Any CPU
		{C4035233-A25B-478A-82FA-E4DFE000A707}.Debug|Any CPU.ActiveCfg = Debug|Any CPU
		{C4035233-A25B-478A-82FA-E4DFE000A707}.Debug|Any CPU.Build.0 = Debug|Any CPU
		{C4035233-A25B-478A-82FA-E4DFE000A707}.Release|Any CPU.ActiveCfg = Release|Any CPU
		{C4035233-A25B-478A-82FA-E4DFE000A707}.Release|Any CPU.Build.0 = Release|Any CPU
		{4CE435D4-5ACC-4284-B747-C89A02092D81}.Debug|Any CPU.ActiveCfg = Debug|Any CPU
		{4CE435D4-5ACC-4284-B747-C89A02092D81}.Debug|Any CPU.Build.0 = Debug|Any CPU
		{4CE435D4-5ACC-4284-B747-C89A02092D81}.Release|Any CPU.ActiveCfg = Release|Any CPU
		{4CE435D4-5ACC-4284-B747-C89A02092D81}.Release|Any CPU.Build.0 = Release|Any CPU
		{4F01A1A2-9CD3-47C5-90DB-1D1E2BDDDDCE}.Debug|Any CPU.ActiveCfg = Debug|Any CPU
		{4F01A1A2-9CD3-47C5-90DB-1D1E2BDDDDCE}.Debug|Any CPU.Build.0 = Debug|Any CPU
		{4F01A1A2-9CD3-47C5-90DB-1D1E2BDDDDCE}.Release|Any CPU.ActiveCfg = Release|Any CPU
		{4F01A1A2-9CD3-47C5-90DB-1D1E2BDDDDCE}.Release|Any CPU.Build.0 = Release|Any CPU
		{21060612-75E8-49B2-9689-6326465F5DBF}.Debug|Any CPU.ActiveCfg = Debug|Any CPU
		{21060612-75E8-49B2-9689-6326465F5DBF}.Debug|Any CPU.Build.0 = Debug|Any CPU
		{21060612-75E8-49B2-9689-6326465F5DBF}.Release|Any CPU.ActiveCfg = Release|Any CPU
		{21060612-75E8-49B2-9689-6326465F5DBF}.Release|Any CPU.Build.0 = Release|Any CPU
		{E1517177-0010-4E95-A165-F6EED7039D6D}.Debug|Any CPU.ActiveCfg = Debug|Any CPU
		{E1517177-0010-4E95-A165-F6EED7039D6D}.Debug|Any CPU.Build.0 = Debug|Any CPU
		{E1517177-0010-4E95-A165-F6EED7039D6D}.Release|Any CPU.ActiveCfg = Release|Any CPU
		{E1517177-0010-4E95-A165-F6EED7039D6D}.Release|Any CPU.Build.0 = Release|Any CPU
		{E34A55A3-5607-40CE-9AFF-B39274CAFD65}.Debug|Any CPU.ActiveCfg = Debug|Any CPU
		{E34A55A3-5607-40CE-9AFF-B39274CAFD65}.Debug|Any CPU.Build.0 = Debug|Any CPU
		{E34A55A3-5607-40CE-9AFF-B39274CAFD65}.Release|Any CPU.ActiveCfg = Release|Any CPU
		{E34A55A3-5607-40CE-9AFF-B39274CAFD65}.Release|Any CPU.Build.0 = Release|Any CPU
		{B9B3F7C7-1C10-48E7-B504-54CE9A53D979}.Debug|Any CPU.ActiveCfg = Debug|Any CPU
		{B9B3F7C7-1C10-48E7-B504-54CE9A53D979}.Debug|Any CPU.Build.0 = Debug|Any CPU
		{B9B3F7C7-1C10-48E7-B504-54CE9A53D979}.Release|Any CPU.ActiveCfg = Release|Any CPU
		{B9B3F7C7-1C10-48E7-B504-54CE9A53D979}.Release|Any CPU.Build.0 = Release|Any CPU
		{1B76D4F6-5A43-48AC-8C86-D70B66FAF3B3}.Debug|Any CPU.ActiveCfg = Debug|Any CPU
		{1B76D4F6-5A43-48AC-8C86-D70B66FAF3B3}.Debug|Any CPU.Build.0 = Debug|Any CPU
		{1B76D4F6-5A43-48AC-8C86-D70B66FAF3B3}.Release|Any CPU.ActiveCfg = Release|Any CPU
		{1B76D4F6-5A43-48AC-8C86-D70B66FAF3B3}.Release|Any CPU.Build.0 = Release|Any CPU
		{E86144F5-296C-4C9E-A580-CBA13E8C8808}.Debug|Any CPU.ActiveCfg = Debug|Any CPU
		{E86144F5-296C-4C9E-A580-CBA13E8C8808}.Debug|Any CPU.Build.0 = Debug|Any CPU
		{E86144F5-296C-4C9E-A580-CBA13E8C8808}.Release|Any CPU.ActiveCfg = Release|Any CPU
		{E86144F5-296C-4C9E-A580-CBA13E8C8808}.Release|Any CPU.Build.0 = Release|Any CPU
	EndGlobalSection
	GlobalSection(SolutionProperties) = preSolution
		HideSolutionNode = FALSE
	EndGlobalSection
EndGlobal
