
Microsoft Visual Studio Solution File, Format Version 12.00
# Visual Studio 14
VisualStudioVersion = 14.0.25420.1
MinimumVisualStudioVersion = 10.0.40219.1
Project("{FAE04EC0-301F-11D3-BF4B-00C04F79EFBC}") = "01.ConvertFromBase10ToBaseN", "01.ConvertFromBase10ToBaseN\01.ConvertFromBase10ToBaseN.csproj", "{BCD5F78C-D23B-4B31-8997-885A1BE99125}"
EndProject
Project("{FAE04EC0-301F-11D3-BF4B-00C04F79EFBC}") = "02.ConvertFromBaseNToBase10", "02.ConvertFromBaseNToBase10\02.ConvertFromBaseNToBase10.csproj", "{B6916D37-CC5A-4525-A0F2-24B60B456D0A}"
EndProject
Project("{FAE04EC0-301F-11D3-BF4B-00C04F79EFBC}") = "03.UnicodeCharacters", "03.UnicodeCharacters\03.UnicodeCharacters.csproj", "{6BF39F8C-B095-4BB7-B2A0-32818C1875AF}"
EndProject
Project("{FAE04EC0-301F-11D3-BF4B-00C04F79EFBC}") = "04.CharacterMultiplier", "04.CharacterMultiplier\04.CharacterMultiplier.csproj", "{283D1CEA-B840-4AFE-8394-9A3395132230}"
EndProject
Project("{FAE04EC0-301F-11D3-BF4B-00C04F79EFBC}") = "06.SumBignumbers", "06.SumBignumbers\06.SumBignumbers.csproj", "{A1C360D7-93A6-4770-8BDA-618F4B331F3C}"
EndProject
Global
	GlobalSection(SolutionConfigurationPlatforms) = preSolution
		Debug|Any CPU = Debug|Any CPU
		Release|Any CPU = Release|Any CPU
	EndGlobalSection
	GlobalSection(ProjectConfigurationPlatforms) = postSolution
		{BCD5F78C-D23B-4B31-8997-885A1BE99125}.Debug|Any CPU.ActiveCfg = Debug|Any CPU
		{BCD5F78C-D23B-4B31-8997-885A1BE99125}.Debug|Any CPU.Build.0 = Debug|Any CPU
		{BCD5F78C-D23B-4B31-8997-885A1BE99125}.Release|Any CPU.ActiveCfg = Release|Any CPU
		{BCD5F78C-D23B-4B31-8997-885A1BE99125}.Release|Any CPU.Build.0 = Release|Any CPU
		{B6916D37-CC5A-4525-A0F2-24B60B456D0A}.Debug|Any CPU.ActiveCfg = Debug|Any CPU
		{B6916D37-CC5A-4525-A0F2-24B60B456D0A}.Debug|Any CPU.Build.0 = Debug|Any CPU
		{B6916D37-CC5A-4525-A0F2-24B60B456D0A}.Release|Any CPU.ActiveCfg = Release|Any CPU
		{B6916D37-CC5A-4525-A0F2-24B60B456D0A}.Release|Any CPU.Build.0 = Release|Any CPU
		{6BF39F8C-B095-4BB7-B2A0-32818C1875AF}.Debug|Any CPU.ActiveCfg = Debug|Any CPU
		{6BF39F8C-B095-4BB7-B2A0-32818C1875AF}.Debug|Any CPU.Build.0 = Debug|Any CPU
		{6BF39F8C-B095-4BB7-B2A0-32818C1875AF}.Release|Any CPU.ActiveCfg = Release|Any CPU
		{6BF39F8C-B095-4BB7-B2A0-32818C1875AF}.Release|Any CPU.Build.0 = Release|Any CPU
		{283D1CEA-B840-4AFE-8394-9A3395132230}.Debug|Any CPU.ActiveCfg = Debug|Any CPU
		{283D1CEA-B840-4AFE-8394-9A3395132230}.Debug|Any CPU.Build.0 = Debug|Any CPU
		{283D1CEA-B840-4AFE-8394-9A3395132230}.Release|Any CPU.ActiveCfg = Release|Any CPU
		{283D1CEA-B840-4AFE-8394-9A3395132230}.Release|Any CPU.Build.0 = Release|Any CPU
		{A1C360D7-93A6-4770-8BDA-618F4B331F3C}.Debug|Any CPU.ActiveCfg = Debug|Any CPU
		{A1C360D7-93A6-4770-8BDA-618F4B331F3C}.Debug|Any CPU.Build.0 = Debug|Any CPU
		{A1C360D7-93A6-4770-8BDA-618F4B331F3C}.Release|Any CPU.ActiveCfg = Release|Any CPU
		{A1C360D7-93A6-4770-8BDA-618F4B331F3C}.Release|Any CPU.Build.0 = Release|Any CPU
	EndGlobalSection
	GlobalSection(SolutionProperties) = preSolution
		HideSolutionNode = FALSE
	EndGlobalSection
EndGlobal
