
Microsoft Visual Studio Solution File, Format Version 12.00
# Visual Studio 14
VisualStudioVersion = 14.0.25420.1
MinimumVisualStudioVersion = 10.0.40219.1
Project("{FAE04EC0-301F-11D3-BF4B-00C04F79EFBC}") = "01.MatchFullName", "01.MatchFullName\01.MatchFullName.csproj", "{44C505F1-86F9-40EA-BB03-8B4B615DD17E}"
EndProject
Project("{FAE04EC0-301F-11D3-BF4B-00C04F79EFBC}") = "02.MatchPhoneNumber", "02.MatchPhoneNumber\02.MatchPhoneNumber.csproj", "{EEB01DCD-4EE8-4B89-8432-D094E9F4150D}"
EndProject
Project("{FAE04EC0-301F-11D3-BF4B-00C04F79EFBC}") = "ReplaceATag", "ReplaceATag\ReplaceATag.csproj", "{AB3D1E2F-A295-4758-A928-91DD792D1157}"
EndProject
Global
	GlobalSection(SolutionConfigurationPlatforms) = preSolution
		Debug|Any CPU = Debug|Any CPU
		Release|Any CPU = Release|Any CPU
	EndGlobalSection
	GlobalSection(ProjectConfigurationPlatforms) = postSolution
		{44C505F1-86F9-40EA-BB03-8B4B615DD17E}.Debug|Any CPU.ActiveCfg = Debug|Any CPU
		{44C505F1-86F9-40EA-BB03-8B4B615DD17E}.Debug|Any CPU.Build.0 = Debug|Any CPU
		{44C505F1-86F9-40EA-BB03-8B4B615DD17E}.Release|Any CPU.ActiveCfg = Release|Any CPU
		{44C505F1-86F9-40EA-BB03-8B4B615DD17E}.Release|Any CPU.Build.0 = Release|Any CPU
		{EEB01DCD-4EE8-4B89-8432-D094E9F4150D}.Debug|Any CPU.ActiveCfg = Debug|Any CPU
		{EEB01DCD-4EE8-4B89-8432-D094E9F4150D}.Debug|Any CPU.Build.0 = Debug|Any CPU
		{EEB01DCD-4EE8-4B89-8432-D094E9F4150D}.Release|Any CPU.ActiveCfg = Release|Any CPU
		{EEB01DCD-4EE8-4B89-8432-D094E9F4150D}.Release|Any CPU.Build.0 = Release|Any CPU
		{AB3D1E2F-A295-4758-A928-91DD792D1157}.Debug|Any CPU.ActiveCfg = Debug|Any CPU
		{AB3D1E2F-A295-4758-A928-91DD792D1157}.Debug|Any CPU.Build.0 = Debug|Any CPU
		{AB3D1E2F-A295-4758-A928-91DD792D1157}.Release|Any CPU.ActiveCfg = Release|Any CPU
		{AB3D1E2F-A295-4758-A928-91DD792D1157}.Release|Any CPU.Build.0 = Release|Any CPU
	EndGlobalSection
	GlobalSection(SolutionProperties) = preSolution
		HideSolutionNode = FALSE
	EndGlobalSection
EndGlobal
